
Microsoft Visual Studio Solution File, Format Version 12.00
# Visual Studio Version 17
VisualStudioVersion = 17.11.35222.181
MinimumVisualStudioVersion = 10.0.40219.1
Project("{FAE04EC0-301F-11D3-BF4B-00C04F79EFBC}") = "logicaProgramacao", "logicaProgramacao\logicaProgramacao.csproj", "{DAE545D4-5B49-4111-B29A-648444143ADD}"
EndProject
Global
	GlobalSection(SolutionConfigurationPlatforms) = preSolution
		Debug|Any CPU = Debug|Any CPU
		Release|Any CPU = Release|Any CPU
	EndGlobalSection
	GlobalSection(ProjectConfigurationPlatforms) = postSolution
		{DAE545D4-5B49-4111-B29A-648444143ADD}.Debug|Any CPU.ActiveCfg = Debug|Any CPU
		{DAE545D4-5B49-4111-B29A-648444143ADD}.Debug|Any CPU.Build.0 = Debug|Any CPU
		{DAE545D4-5B49-4111-B29A-648444143ADD}.Release|Any CPU.ActiveCfg = Release|Any CPU
		{DAE545D4-5B49-4111-B29A-648444143ADD}.Release|Any CPU.Build.0 = Release|Any CPU
	EndGlobalSection
	GlobalSection(SolutionProperties) = preSolution
		HideSolutionNode = FALSE
	EndGlobalSection
	GlobalSection(ExtensibilityGlobals) = postSolution
		SolutionGuid = {6EADFFED-E99C-4370-B31A-CF30B33FBB66}
	EndGlobalSection
EndGlobal
